// !$*UTF8*$!
{
	archiveVersion = 1;
	classes = {
	};
	objectVersion = 50;
	objects = {

/* Begin PBXBuildFile section */
		3463FCCA24C3ED3C00725EA9 /* AppDelegate.swift in Sources */ = {isa = PBXBuildFile; fileRef = 3463FCC924C3ED3C00725EA9 /* AppDelegate.swift */; };
		3463FCCC24C3ED3C00725EA9 /* SceneDelegate.swift in Sources */ = {isa = PBXBuildFile; fileRef = 3463FCCB24C3ED3C00725EA9 /* SceneDelegate.swift */; };
		3463FCCE24C3ED3C00725EA9 /* ViewController.swift in Sources */ = {isa = PBXBuildFile; fileRef = 3463FCCD24C3ED3C00725EA9 /* ViewController.swift */; };
		3463FCD124C3ED3C00725EA9 /* Main.storyboard in Resources */ = {isa = PBXBuildFile; fileRef = 3463FCCF24C3ED3C00725EA9 /* Main.storyboard */; };
		3463FCD324C3ED4000725EA9 /* Assets.xcassets in Resources */ = {isa = PBXBuildFile; fileRef = 3463FCD224C3ED4000725EA9 /* Assets.xcassets */; };
		3463FCD624C3ED4000725EA9 /* LaunchScreen.storyboard in Resources */ = {isa = PBXBuildFile; fileRef = 3463FCD424C3ED4000725EA9 /* LaunchScreen.storyboard */; };
		3463FCDE24C3EDC300725EA9 /* RangeSlider.swift in Sources */ = {isa = PBXBuildFile; fileRef = 3463FCDD24C3EDC300725EA9 /* RangeSlider.swift */; };
		3463FCE024C3F38400725EA9 /* RangeSliderThumbLayer.swift in Sources */ = {isa = PBXBuildFile; fileRef = 3463FCDF24C3F38400725EA9 /* RangeSliderThumbLayer.swift */; };
		3463FCE224C3F6E000725EA9 /* RangeSliderTrackLayer.swift in Sources */ = {isa = PBXBuildFile; fileRef = 3463FCE124C3F6E000725EA9 /* RangeSliderTrackLayer.swift */; };
/* End PBXBuildFile section */

/* Begin PBXFileReference section */
		3463FCC624C3ED3C00725EA9 /* CustomE2ESlider.app */ = {isa = PBXFileReference; explicitFileType = wrapper.application; includeInIndex = 0; path = CustomE2ESlider.app; sourceTree = BUILT_PRODUCTS_DIR; };
		3463FCC924C3ED3C00725EA9 /* AppDelegate.swift */ = {isa = PBXFileReference; lastKnownFileType = sourcecode.swift; path = AppDelegate.swift; sourceTree = "<group>"; };
		3463FCCB24C3ED3C00725EA9 /* SceneDelegate.swift */ = {isa = PBXFileReference; lastKnownFileType = sourcecode.swift; path = SceneDelegate.swift; sourceTree = "<group>"; };
		3463FCCD24C3ED3C00725EA9 /* ViewController.swift */ = {isa = PBXFileReference; lastKnownFileType = sourcecode.swift; path = ViewController.swift; sourceTree = "<group>"; };
		3463FCD024C3ED3C00725EA9 /* Base */ = {isa = PBXFileReference; lastKnownFileType = file.storyboard; name = Base; path = Base.lproj/Main.storyboard; sourceTree = "<group>"; };
		3463FCD224C3ED4000725EA9 /* Assets.xcassets */ = {isa = PBXFileReference; lastKnownFileType = folder.assetcatalog; path = Assets.xcassets; sourceTree = "<group>"; };
		3463FCD524C3ED4000725EA9 /* Base */ = {isa = PBXFileReference; lastKnownFileType = file.storyboard; name = Base; path = Base.lproj/LaunchScreen.storyboard; sourceTree = "<group>"; };
		3463FCD724C3ED4000725EA9 /* Info.plist */ = {isa = PBXFileReference; lastKnownFileType = text.plist.xml; path = Info.plist; sourceTree = "<group>"; };
		3463FCDD24C3EDC300725EA9 /* RangeSlider.swift */ = {isa = PBXFileReference; lastKnownFileType = sourcecode.swift; path = RangeSlider.swift; sourceTree = "<group>"; };
		3463FCDF24C3F38400725EA9 /* RangeSliderThumbLayer.swift */ = {isa = PBXFileReference; lastKnownFileType = sourcecode.swift; path = RangeSliderThumbLayer.swift; sourceTree = "<group>"; };
		3463FCE124C3F6E000725EA9 /* RangeSliderTrackLayer.swift */ = {isa = PBXFileReference; lastKnownFileType = sourcecode.swift; path = RangeSliderTrackLayer.swift; sourceTree = "<group>"; };
/* End PBXFileReference section */

/* Begin PBXFrameworksBuildPhase section */
		3463FCC324C3ED3C00725EA9 /* Frameworks */ = {
			isa = PBXFrameworksBuildPhase;
			buildActionMask = 2147483647;
			files = (
			);
			runOnlyForDeploymentPostprocessing = 0;
		};
/* End PBXFrameworksBuildPhase section */

/* Begin PBXGroup section */
		3463FCBD24C3ED3C00725EA9 = {
			isa = PBXGroup;
			children = (
				3463FCC824C3ED3C00725EA9 /* CustomE2ESlider */,
				3463FCC724C3ED3C00725EA9 /* Products */,
			);
			sourceTree = "<group>";
		};
		3463FCC724C3ED3C00725EA9 /* Products */ = {
			isa = PBXGroup;
			children = (
				3463FCC624C3ED3C00725EA9 /* CustomE2ESlider.app */,
			);
			name = Products;
			sourceTree = "<group>";
		};
		3463FCC824C3ED3C00725EA9 /* CustomE2ESlider */ = {
			isa = PBXGroup;
			children = (
				3463FCC924C3ED3C00725EA9 /* AppDelegate.swift */,
				3463FCCB24C3ED3C00725EA9 /* SceneDelegate.swift */,
				3463FCCD24C3ED3C00725EA9 /* ViewController.swift */,
				3463FCCF24C3ED3C00725EA9 /* Main.storyboard */,
				3463FCD224C3ED4000725EA9 /* Assets.xcassets */,
				3463FCD424C3ED4000725EA9 /* LaunchScreen.storyboard */,
				3463FCD724C3ED4000725EA9 /* Info.plist */,
				3463FCDD24C3EDC300725EA9 /* RangeSlider.swift */,
				3463FCDF24C3F38400725EA9 /* RangeSliderThumbLayer.swift */,
				3463FCE124C3F6E000725EA9 /* RangeSliderTrackLayer.swift */,
			);
			path = CustomE2ESlider;
			sourceTree = "<group>";
		};
/* End PBXGroup section */

/* Begin PBXNativeTarget section */
		3463FCC524C3ED3C00725EA9 /* CustomE2ESlider */ = {
			isa = PBXNativeTarget;
			buildConfigurationList = 3463FCDA24C3ED4000725EA9 /* Build configuration list for PBXNativeTarget "CustomE2ESlider" */;
			buildPhases = (
				3463FCC224C3ED3C00725EA9 /* Sources */,
				3463FCC324C3ED3C00725EA9 /* Frameworks */,
				3463FCC424C3ED3C00725EA9 /* Resources */,
			);
			buildRules = (
			);
			dependencies = (
			);
			name = CustomE2ESlider;
			productName = CustomE2ESlider;
			productReference = 3463FCC624C3ED3C00725EA9 /* CustomE2ESlider.app */;
			productType = "com.apple.product-type.application";
		};
/* End PBXNativeTarget section */

/* Begin PBXProject section */
		3463FCBE24C3ED3C00725EA9 /* Project object */ = {
			isa = PBXProject;
			attributes = {
				LastSwiftUpdateCheck = 1150;
				LastUpgradeCheck = 1150;
				ORGANIZATIONNAME = Davidemi;
				TargetAttributes = {
					3463FCC524C3ED3C00725EA9 = {
						CreatedOnToolsVersion = 11.5;
					};
				};
			};
			buildConfigurationList = 3463FCC124C3ED3C00725EA9 /* Build configuration list for PBXProject "CustomE2ESlider" */;
			compatibilityVersion = "Xcode 9.3";
			developmentRegion = en;
			hasScannedForEncodings = 0;
			knownRegions = (
				en,
				Base,
			);
			mainGroup = 3463FCBD24C3ED3C00725EA9;
			productRefGroup = 3463FCC724C3ED3C00725EA9 /* Products */;
			projectDirPath = "";
			projectRoot = "";
			targets = (
				3463FCC524C3ED3C00725EA9 /* CustomE2ESlider */,
			);
		};
/* End PBXProject section */

/* Begin PBXResourcesBuildPhase section */
		3463FCC424C3ED3C00725EA9 /* Resources */ = {
			isa = PBXResourcesBuildPhase;
			buildActionMask = 2147483647;
			files = (
				3463FCD624C3ED4000725EA9 /* LaunchScreen.storyboard in Resources */,
				3463FCD324C3ED4000725EA9 /* Assets.xcassets in Resources */,
				3463FCD124C3ED3C00725EA9 /* Main.storyboard in Resources */,
			);
			runOnlyForDeploymentPostprocessing = 0;
		};
/* End PBXResourcesBuildPhase section */

/* Begin PBXSourcesBuildPhase section */
		3463FCC224C3ED3C00725EA9 /* Sources */ = {
			isa = PBXSourcesBuildPhase;
			buildActionMask = 2147483647;
			files = (
				3463FCE024C3F38400725EA9 /* RangeSliderThumbLayer.swift in Sources */,
				3463FCDE24C3EDC300725EA9 /* RangeSlider.swift in Sources */,
				3463FCCE24C3ED3C00725EA9 /* ViewController.swift in Sources */,
				3463FCCA24C3ED3C00725EA9 /* AppDelegate.swift in Sources */,
				3463FCE224C3F6E000725EA9 /* RangeSliderTrackLayer.swift in Sources */,
				3463FCCC24C3ED3C00725EA9 /* SceneDelegate.swift in Sources */,
			);
			runOnlyForDeploymentPostprocessing = 0;
		};
/* End PBXSourcesBuildPhase section */

/* Begin PBXVariantGroup section */
		3463FCCF24C3ED3C00725EA9 /* Main.storyboard */ = {
			isa = PBXVariantGroup;
			children = (
				3463FCD024C3ED3C00725EA9 /* Base */,
			);
			name = Main.storyboard;
			sourceTree = "<group>";
		};
		3463FCD424C3ED4000725EA9 /* LaunchScreen.storyboard */ = {
			isa = PBXVariantGroup;
			children = (
				3463FCD524C3ED4000725EA9 /* Base */,
			);
			name = LaunchScreen.storyboard;
			sourceTree = "<group>";
		};
/* End PBXVariantGroup section */

/* Begin XCBuildConfiguration section */
		3463FCD824C3ED4000725EA9 /* Debug */ = {
			isa = XCBuildConfiguration;
			buildSettings = {
				ALWAYS_SEARCH_USER_PATHS = NO;
				CLANG_ANALYZER_NONNULL = YES;
				CLANG_ANALYZER_NUMBER_OBJECT_CONVERSION = YES_AGGRESSIVE;
				CLANG_CXX_LANGUAGE_STANDARD = "gnu++14";
				CLANG_CXX_LIBRARY = "libc++";
				CLANG_ENABLE_MODULES = YES;
				CLANG_ENABLE_OBJC_ARC = YES;
				CLANG_ENABLE_OBJC_WEAK = YES;
				CLANG_WARN_BLOCK_CAPTURE_AUTORELEASING = YES;
				CLANG_WARN_BOOL_CONVERSION = YES;
				CLANG_WARN_COMMA = YES;
				CLANG_WARN_CONSTANT_CONVERSION = YES;
				CLANG_WARN_DEPRECATED_OBJC_IMPLEMENTATIONS = YES;
				CLANG_WARN_DIRECT_OBJC_ISA_USAGE = YES_ERROR;
				CLANG_WARN_DOCUMENTATION_COMMENTS = YES;
				CLANG_WARN_EMPTY_BODY = YES;
				CLANG_WARN_ENUM_CONVERSION = YES;
				CLANG_WARN_INFINITE_RECURSION = YES;
				CLANG_WARN_INT_CONVERSION = YES;
				CLANG_WARN_NON_LITERAL_NULL_CONVERSION = YES;
				CLANG_WARN_OBJC_IMPLICIT_RETAIN_SELF = YES;
				CLANG_WARN_OBJC_LITERAL_CONVERSION = YES;
				CLANG_WARN_OBJC_ROOT_CLASS = YES_ERROR;
				CLANG_WARN_RANGE_LOOP_ANALYSIS = YES;
				CLANG_WARN_STRICT_PROTOTYPES = YES;
				CLANG_WARN_SUSPICIOUS_MOVE = YES;
				CLANG_WARN_UNGUARDED_AVAILABILITY = YES_AGGRESSIVE;
				CLANG_WARN_UNREACHABLE_CODE = YES;
				CLANG_WARN__DUPLICATE_METHOD_MATCH = YES;
				COPY_PHASE_STRIP = NO;
				DEBUG_INFORMATION_FORMAT = dwarf;
				ENABLE_STRICT_OBJC_MSGSEND = YES;
				ENABLE_TESTABILITY = YES;
				GCC_C_LANGUAGE_STANDARD = gnu11;
				GCC_DYNAMIC_NO_PIC = NO;
				GCC_NO_COMMON_BLOCKS = YES;
				GCC_OPTIMIZATION_LEVEL = 0;
				GCC_PREPROCESSOR_DEFINITIONS = (
					"DEBUG=1",
					"$(inherited)",
				);
				GCC_WARN_64_TO_32_BIT_CONVERSION = YES;
				GCC_WARN_ABOUT_RETURN_TYPE = YES_ERROR;
				GCC_WARN_UNDECLARED_SELECTOR = YES;
				GCC_WARN_UNINITIALIZED_AUTOS = YES_AGGRESSIVE;
				GCC_WARN_UNUSED_FUNCTION = YES;
				GCC_WARN_UNUSED_VARIABLE = YES;
				IPHONEOS_DEPLOYMENT_TARGET = 13.5;
				MTL_ENABLE_DEBUG_INFO = INCLUDE_SOURCE;
				MTL_FAST_MATH = YES;
				ONLY_ACTIVE_ARCH = YES;
				SDKROOT = iphoneos;
				SWIFT_ACTIVE_COMPILATION_CONDITIONS = DEBUG;
				SWIFT_OPTIMIZATION_LEVEL = "-Onone";
			};
			name = Debug;
		};
		3463FCD924C3ED4000725EA9 /* Release */ = {
			isa = XCBuildConfiguration;
			buildSettings = {
				ALWAYS_SEARCH_USER_PATHS = NO;
				CLANG_ANALYZER_NONNULL = YES;
				CLANG_ANALYZER_NUMBER_OBJECT_CONVERSION = YES_AGGRESSIVE;
				CLANG_CXX_LANGUAGE_STANDARD = "gnu++14";
				CLANG_CXX_LIBRARY = "libc++";
				CLANG_ENABLE_MODULES = YES;
				CLANG_ENABLE_OBJC_ARC = YES;
				CLANG_ENABLE_OBJC_WEAK = YES;
				CLANG_WARN_BLOCK_CAPTURE_AUTORELEASING = YES;
				CLANG_WARN_BOOL_CONVERSION = YES;
				CLANG_WARN_COMMA = YES;
				CLANG_WARN_CONSTANT_CONVERSION = YES;
				CLANG_WARN_DEPRECATED_OBJC_IMPLEMENTATIONS = YES;
				CLANG_WARN_DIRECT_OBJC_ISA_USAGE = YES_ERROR;
				CLANG_WARN_DOCUMENTATION_COMMENTS = YES;
				CLANG_WARN_EMPTY_BODY = YES;
				CLANG_WARN_ENUM_CONVERSION = YES;
				CLANG_WARN_INFINITE_RECURSION = YES;
				CLANG_WARN_INT_CONVERSION = YES;
				CLANG_WARN_NON_LITERAL_NULL_CONVERSION = YES;
				CLANG_WARN_OBJC_IMPLICIT_RETAIN_SELF = YES;
				CLANG_WARN_OBJC_LITERAL_CONVERSION = YES;
				CLANG_WARN_OBJC_ROOT_CLASS = YES_ERROR;
				CLANG_WARN_RANGE_LOOP_ANALYSIS = YES;
				CLANG_WARN_STRICT_PROTOTYPES = YES;
				CLANG_WARN_SUSPICIOUS_MOVE = YES;
				CLANG_WARN_UNGUARDED_AVAILABILITY = YES_AGGRESSIVE;
				CLANG_WARN_UNREACHABLE_CODE = YES;
				CLANG_WARN__DUPLICATE_METHOD_MATCH = YES;
				COPY_PHASE_STRIP = NO;
				DEBUG_INFORMATION_FORMAT = "dwarf-with-dsym";
				ENABLE_NS_ASSERTIONS = NO;
				ENABLE_STRICT_OBJC_MSGSEND = YES;
				GCC_C_LANGUAGE_STANDARD = gnu11;
				GCC_NO_COMMON_BLOCKS = YES;
				GCC_WARN_64_TO_32_BIT_CONVERSION = YES;
				GCC_WARN_ABOUT_RETURN_TYPE = YES_ERROR;
				GCC_WARN_UNDECLARED_SELECTOR = YES;
				GCC_WARN_UNINITIALIZED_AUTOS = YES_AGGRESSIVE;
				GCC_WARN_UNUSED_FUNCTION = YES;
				GCC_WARN_UNUSED_VARIABLE = YES;
				IPHONEOS_DEPLOYMENT_TARGET = 13.5;
				MTL_ENABLE_DEBUG_INFO = NO;
				MTL_FAST_MATH = YES;
				SDKROOT = iphoneos;
				SWIFT_COMPILATION_MODE = wholemodule;
				SWIFT_OPTIMIZATION_LEVEL = "-O";
				VALIDATE_PRODUCT = YES;
			};
			name = Release;
		};
		3463FCDB24C3ED4000725EA9 /* Debug */ = {
			isa = XCBuildConfiguration;
			buildSettings = {
				ASSETCATALOG_COMPILER_APPICON_NAME = AppIcon;
				CODE_SIGN_STYLE = Automatic;
				DEVELOPMENT_TEAM = A8SA62ZA26;
				INFOPLIST_FILE = CustomE2ESlider/Info.plist;
				LD_RUNPATH_SEARCH_PATHS = (
					"$(inherited)",
					"@executable_path/Frameworks",
				);
				PRODUCT_BUNDLE_IDENTIFIER = com.davidemi.CustomE2ESlider;
				PRODUCT_NAME = "$(TARGET_NAME)";
				SWIFT_VERSION = 5.0;
				TARGETED_DEVICE_FAMILY = "1,2";
			};
			name = Debug;
		};
		3463FCDC24C3ED4000725EA9 /* Release */ = {
			isa = XCBuildConfiguration;
			buildSettings = {
				ASSETCATALOG_COMPILER_APPICON_NAME = AppIcon;
				CODE_SIGN_STYLE = Automatic;
				DEVELOPMENT_TEAM = A8SA62ZA26;
				INFOPLIST_FILE = CustomE2ESlider/Info.plist;
				LD_RUNPATH_SEARCH_PATHS = (
					"$(inherited)",
					"@executable_path/Frameworks",
				);
				PRODUCT_BUNDLE_IDENTIFIER = com.davidemi.CustomE2ESlider;
				PRODUCT_NAME = "$(TARGET_NAME)";
				SWIFT_VERSION = 5.0;
				TARGETED_DEVICE_FAMILY = "1,2";
			};
			name = Release;
		};
/* End XCBuildConfiguration section */

/* Begin XCConfigurationList section */
		3463FCC124C3ED3C00725EA9 /* Build configuration list for PBXProject "CustomE2ESlider" */ = {
			isa = XCConfigurationList;
			buildConfigurations = (
				3463FCD824C3ED4000725EA9 /* Debug */,
				3463FCD924C3ED4000725EA9 /* Release */,
			);
			defaultConfigurationIsVisible = 0;
			defaultConfigurationName = Release;
		};
		3463FCDA24C3ED4000725EA9 /* Build configuration list for PBXNativeTarget "CustomE2ESlider" */ = {
			isa = XCConfigurationList;
			buildConfigurations = (
				3463FCDB24C3ED4000725EA9 /* Debug */,
				3463FCDC24C3ED4000725EA9 /* Release */,
			);
			defaultConfigurationIsVisible = 0;
			defaultConfigurationName = Release;
		};
/* End XCConfigurationList section */
	};
	rootObject = 3463FCBE24C3ED3C00725EA9 /* Project object */;
}
